
Microsoft Visual Studio Solution File, Format Version 12.00
# Visual Studio Version 17
VisualStudioVersion = 17.5.33424.131
MinimumVisualStudioVersion = 10.0.40219.1
Project("{FAE04EC0-301F-11D3-BF4B-00C04F79EFBC}") = "GeradorNfseAPI", "GeradorNfseAPI.csproj", "{624523D3-6FD3-44ED-8977-0D65BFD80B55}"
EndProject
Global
	GlobalSection(SolutionConfigurationPlatforms) = preSolution
		Debug|Any CPU = Debug|Any CPU
		Release|Any CPU = Release|Any CPU
	EndGlobalSection
	GlobalSection(ProjectConfigurationPlatforms) = postSolution
		{624523D3-6FD3-44ED-8977-0D65BFD80B55}.Debug|Any CPU.ActiveCfg = Debug|Any CPU
		{624523D3-6FD3-44ED-8977-0D65BFD80B55}.Debug|Any CPU.Build.0 = Debug|Any CPU
		{624523D3-6FD3-44ED-8977-0D65BFD80B55}.Release|Any CPU.ActiveCfg = Release|Any CPU
		{624523D3-6FD3-44ED-8977-0D65BFD80B55}.Release|Any CPU.Build.0 = Release|Any CPU
	EndGlobalSection
	GlobalSection(SolutionProperties) = preSolution
		HideSolutionNode = FALSE
	EndGlobalSection
	GlobalSection(ExtensibilityGlobals) = postSolution
		SolutionGuid = {78465D8E-4E2A-48EC-9074-657A05216EE1}
	EndGlobalSection
EndGlobal
